
Microsoft Visual Studio Solution File, Format Version 12.00
# Visual Studio Version 16
VisualStudioVersion = 16.0.32407.337
MinimumVisualStudioVersion = 10.0.40219.1
Project("{9A19103F-16F7-4668-BE54-9A1E7A4F7556}") = "FigureCalcApp", "FigureCalcApp.csproj", "{16D6AE39-2F59-4A8F-BE2A-5D604B58B6FB}"
EndProject
Project("{9A19103F-16F7-4668-BE54-9A1E7A4F7556}") = "FigureLibrary", "..\..\FigureLibrary\FigureLibrary.csproj", "{F5E06DEB-8192-4D20-AC70-F69F2D903D6A}"
EndProject
Project("{FAE04EC0-301F-11D3-BF4B-00C04F79EFBC}") = "FigureLibraryTests", "..\..\FigureLibraryTests\FigureLibraryTests.csproj", "{D51D879A-2A3D-441A-8C5C-6A24F0C09E81}"
EndProject
Global
	GlobalSection(SolutionConfigurationPlatforms) = preSolution
		Debug|Any CPU = Debug|Any CPU
		Release|Any CPU = Release|Any CPU
	EndGlobalSection
	GlobalSection(ProjectConfigurationPlatforms) = postSolution
		{16D6AE39-2F59-4A8F-BE2A-5D604B58B6FB}.Debug|Any CPU.ActiveCfg = Debug|Any CPU
		{16D6AE39-2F59-4A8F-BE2A-5D604B58B6FB}.Debug|Any CPU.Build.0 = Debug|Any CPU
		{16D6AE39-2F59-4A8F-BE2A-5D604B58B6FB}.Release|Any CPU.ActiveCfg = Release|Any CPU
		{16D6AE39-2F59-4A8F-BE2A-5D604B58B6FB}.Release|Any CPU.Build.0 = Release|Any CPU
		{F5E06DEB-8192-4D20-AC70-F69F2D903D6A}.Debug|Any CPU.ActiveCfg = Debug|Any CPU
		{F5E06DEB-8192-4D20-AC70-F69F2D903D6A}.Debug|Any CPU.Build.0 = Debug|Any CPU
		{F5E06DEB-8192-4D20-AC70-F69F2D903D6A}.Release|Any CPU.ActiveCfg = Release|Any CPU
		{F5E06DEB-8192-4D20-AC70-F69F2D903D6A}.Release|Any CPU.Build.0 = Release|Any CPU
		{D51D879A-2A3D-441A-8C5C-6A24F0C09E81}.Debug|Any CPU.ActiveCfg = Debug|Any CPU
		{D51D879A-2A3D-441A-8C5C-6A24F0C09E81}.Debug|Any CPU.Build.0 = Debug|Any CPU
		{D51D879A-2A3D-441A-8C5C-6A24F0C09E81}.Release|Any CPU.ActiveCfg = Release|Any CPU
		{D51D879A-2A3D-441A-8C5C-6A24F0C09E81}.Release|Any CPU.Build.0 = Release|Any CPU
	EndGlobalSection
	GlobalSection(SolutionProperties) = preSolution
		HideSolutionNode = FALSE
	EndGlobalSection
	GlobalSection(ExtensibilityGlobals) = postSolution
		SolutionGuid = {7D91EFDB-0B8D-4B2B-9B0C-ADAF704A6CA0}
	EndGlobalSection
EndGlobal
